
Microsoft Visual Studio Solution File, Format Version 12.00
# Visual Studio Version 16
VisualStudioVersion = 16.0.28803.452
MinimumVisualStudioVersion = 10.0.40219.1
Project("{FAE04EC0-301F-11D3-BF4B-00C04F79EFBC}") = "OfficeAppMobile", "OfficeAppMobile\OfficeAppMobile\OfficeAppMobile.csproj", "{AB8C8136-710D-4926-BA92-B956DA5F95BE}"
EndProject
Project("{FAE04EC0-301F-11D3-BF4B-00C04F79EFBC}") = "OfficeAppMobile.Android", "OfficeAppMobile\OfficeAppMobile.Android\OfficeAppMobile.Android.csproj", "{A15BD9C9-0D9B-43AA-9F15-93AB513831AF}"
EndProject
Project("{FAE04EC0-301F-11D3-BF4B-00C04F79EFBC}") = "OfficeAppMobile.iOS", "OfficeAppMobile\OfficeAppMobile.iOS\OfficeAppMobile.iOS.csproj", "{C42092ED-296A-4E7D-A214-CFC9B8C4B477}"
EndProject
Project("{FAE04EC0-301F-11D3-BF4B-00C04F79EFBC}") = "OfficeAppMobile.UWP", "OfficeAppMobile\OfficeAppMobile.UWP\OfficeAppMobile.UWP.csproj", "{073B98A6-5F56-47FD-9FAE-FA8EA6EBD99D}"
EndProject
Global
	GlobalSection(SolutionConfigurationPlatforms) = preSolution
		Ad-Hoc|Any CPU = Ad-Hoc|Any CPU
		Ad-Hoc|ARM = Ad-Hoc|ARM
		Ad-Hoc|iPhone = Ad-Hoc|iPhone
		Ad-Hoc|iPhoneSimulator = Ad-Hoc|iPhoneSimulator
		Ad-Hoc|x64 = Ad-Hoc|x64
		Ad-Hoc|x86 = Ad-Hoc|x86
		AppStore|Any CPU = AppStore|Any CPU
		AppStore|ARM = AppStore|ARM
		AppStore|iPhone = AppStore|iPhone
		AppStore|iPhoneSimulator = AppStore|iPhoneSimulator
		AppStore|x64 = AppStore|x64
		AppStore|x86 = AppStore|x86
		Debug|Any CPU = Debug|Any CPU
		Debug|ARM = Debug|ARM
		Debug|iPhone = Debug|iPhone
		Debug|iPhoneSimulator = Debug|iPhoneSimulator
		Debug|x64 = Debug|x64
		Debug|x86 = Debug|x86
		Release|Any CPU = Release|Any CPU
		Release|ARM = Release|ARM
		Release|iPhone = Release|iPhone
		Release|iPhoneSimulator = Release|iPhoneSimulator
		Release|x64 = Release|x64
		Release|x86 = Release|x86
	EndGlobalSection
	GlobalSection(ProjectConfigurationPlatforms) = postSolution
		{AB8C8136-710D-4926-BA92-B956DA5F95BE}.Ad-Hoc|Any CPU.ActiveCfg = Debug|Any CPU
		{AB8C8136-710D-4926-BA92-B956DA5F95BE}.Ad-Hoc|Any CPU.Build.0 = Debug|Any CPU
		{AB8C8136-710D-4926-BA92-B956DA5F95BE}.Ad-Hoc|ARM.ActiveCfg = Debug|Any CPU
		{AB8C8136-710D-4926-BA92-B956DA5F95BE}.Ad-Hoc|ARM.Build.0 = Debug|Any CPU
		{AB8C8136-710D-4926-BA92-B956DA5F95BE}.Ad-Hoc|iPhone.ActiveCfg = Debug|Any CPU
		{AB8C8136-710D-4926-BA92-B956DA5F95BE}.Ad-Hoc|iPhone.Build.0 = Debug|Any CPU
		{AB8C8136-710D-4926-BA92-B956DA5F95BE}.Ad-Hoc|iPhoneSimulator.ActiveCfg = Debug|Any CPU
		{AB8C8136-710D-4926-BA92-B956DA5F95BE}.Ad-Hoc|iPhoneSimulator.Build.0 = Debug|Any CPU
		{AB8C8136-710D-4926-BA92-B956DA5F95BE}.Ad-Hoc|x64.ActiveCfg = Debug|Any CPU
		{AB8C8136-710D-4926-BA92-B956DA5F95BE}.Ad-Hoc|x64.Build.0 = Debug|Any CPU
		{AB8C8136-710D-4926-BA92-B956DA5F95BE}.Ad-Hoc|x86.ActiveCfg = Debug|Any CPU
		{AB8C8136-710D-4926-BA92-B956DA5F95BE}.Ad-Hoc|x86.Build.0 = Debug|Any CPU
		{AB8C8136-710D-4926-BA92-B956DA5F95BE}.AppStore|Any CPU.ActiveCfg = Debug|Any CPU
		{AB8C8136-710D-4926-BA92-B956DA5F95BE}.AppStore|Any CPU.Build.0 = Debug|Any CPU
		{AB8C8136-710D-4926-BA92-B956DA5F95BE}.AppStore|ARM.ActiveCfg = Debug|Any CPU
		{AB8C8136-710D-4926-BA92-B956DA5F95BE}.AppStore|ARM.Build.0 = Debug|Any CPU
		{AB8C8136-710D-4926-BA92-B956DA5F95BE}.AppStore|iPhone.ActiveCfg = Debug|Any CPU
		{AB8C8136-710D-4926-BA92-B956DA5F95BE}.AppStore|iPhone.Build.0 = Debug|Any CPU
		{AB8C8136-710D-4926-BA92-B956DA5F95BE}.AppStore|iPhoneSimulator.ActiveCfg = Debug|Any CPU
		{AB8C8136-710D-4926-BA92-B956DA5F95BE}.AppStore|iPhoneSimulator.Build.0 = Debug|Any CPU
		{AB8C8136-710D-4926-BA92-B956DA5F95BE}.AppStore|x64.ActiveCfg = Debug|Any CPU
		{AB8C8136-710D-4926-BA92-B956DA5F95BE}.AppStore|x64.Build.0 = Debug|Any CPU
		{AB8C8136-710D-4926-BA92-B956DA5F95BE}.AppStore|x86.ActiveCfg = Debug|Any CPU
		{AB8C8136-710D-4926-BA92-B956DA5F95BE}.AppStore|x86.Build.0 = Debug|Any CPU
		{AB8C8136-710D-4926-BA92-B956DA5F95BE}.Debug|Any CPU.ActiveCfg = Debug|Any CPU
		{AB8C8136-710D-4926-BA92-B956DA5F95BE}.Debug|Any CPU.Build.0 = Debug|Any CPU
		{AB8C8136-710D-4926-BA92-B956DA5F95BE}.Debug|ARM.ActiveCfg = Debug|Any CPU
		{AB8C8136-710D-4926-BA92-B956DA5F95BE}.Debug|ARM.Build.0 = Debug|Any CPU
		{AB8C8136-710D-4926-BA92-B956DA5F95BE}.Debug|iPhone.ActiveCfg = Debug|Any CPU
		{AB8C8136-710D-4926-BA92-B956DA5F95BE}.Debug|iPhone.Build.0 = Debug|Any CPU
		{AB8C8136-710D-4926-BA92-B956DA5F95BE}.Debug|iPhoneSimulator.ActiveCfg = Debug|Any CPU
		{AB8C8136-710D-4926-BA92-B956DA5F95BE}.Debug|iPhoneSimulator.Build.0 = Debug|Any CPU
		{AB8C8136-710D-4926-BA92-B956DA5F95BE}.Debug|x64.ActiveCfg = Debug|Any CPU
		{AB8C8136-710D-4926-BA92-B956DA5F95BE}.Debug|x64.Build.0 = Debug|Any CPU
		{AB8C8136-710D-4926-BA92-B956DA5F95BE}.Debug|x86.ActiveCfg = Debug|Any CPU
		{AB8C8136-710D-4926-BA92-B956DA5F95BE}.Debug|x86.Build.0 = Debug|Any CPU
		{AB8C8136-710D-4926-BA92-B956DA5F95BE}.Release|Any CPU.ActiveCfg = Release|Any CPU
		{AB8C8136-710D-4926-BA92-B956DA5F95BE}.Release|Any CPU.Build.0 = Release|Any CPU
		{AB8C8136-710D-4926-BA92-B956DA5F95BE}.Release|ARM.ActiveCfg = Release|Any CPU
		{AB8C8136-710D-4926-BA92-B956DA5F95BE}.Release|ARM.Build.0 = Release|Any CPU
		{AB8C8136-710D-4926-BA92-B956DA5F95BE}.Release|iPhone.ActiveCfg = Release|Any CPU
		{AB8C8136-710D-4926-BA92-B956DA5F95BE}.Release|iPhone.Build.0 = Release|Any CPU
		{AB8C8136-710D-4926-BA92-B956DA5F95BE}.Release|iPhoneSimulator.ActiveCfg = Release|Any CPU
		{AB8C8136-710D-4926-BA92-B956DA5F95BE}.Release|iPhoneSimulator.Build.0 = Release|Any CPU
		{AB8C8136-710D-4926-BA92-B956DA5F95BE}.Release|x64.ActiveCfg = Release|Any CPU
		{AB8C8136-710D-4926-BA92-B956DA5F95BE}.Release|x64.Build.0 = Release|Any CPU
		{AB8C8136-710D-4926-BA92-B956DA5F95BE}.Release|x86.ActiveCfg = Release|Any CPU
		{AB8C8136-710D-4926-BA92-B956DA5F95BE}.Release|x86.Build.0 = Release|Any CPU
		{A15BD9C9-0D9B-43AA-9F15-93AB513831AF}.Ad-Hoc|Any CPU.ActiveCfg = Release|Any CPU
		{A15BD9C9-0D9B-43AA-9F15-93AB513831AF}.Ad-Hoc|Any CPU.Build.0 = Release|Any CPU
		{A15BD9C9-0D9B-43AA-9F15-93AB513831AF}.Ad-Hoc|Any CPU.Deploy.0 = Release|Any CPU
		{A15BD9C9-0D9B-43AA-9F15-93AB513831AF}.Ad-Hoc|ARM.ActiveCfg = Release|Any CPU
		{A15BD9C9-0D9B-43AA-9F15-93AB513831AF}.Ad-Hoc|ARM.Build.0 = Release|Any CPU
		{A15BD9C9-0D9B-43AA-9F15-93AB513831AF}.Ad-Hoc|ARM.Deploy.0 = Release|Any CPU
		{A15BD9C9-0D9B-43AA-9F15-93AB513831AF}.Ad-Hoc|iPhone.ActiveCfg = Release|Any CPU
		{A15BD9C9-0D9B-43AA-9F15-93AB513831AF}.Ad-Hoc|iPhone.Build.0 = Release|Any CPU
		{A15BD9C9-0D9B-43AA-9F15-93AB513831AF}.Ad-Hoc|iPhone.Deploy.0 = Release|Any CPU
		{A15BD9C9-0D9B-43AA-9F15-93AB513831AF}.Ad-Hoc|iPhoneSimulator.ActiveCfg = Release|Any CPU
		{A15BD9C9-0D9B-43AA-9F15-93AB513831AF}.Ad-Hoc|iPhoneSimulator.Build.0 = Release|Any CPU
		{A15BD9C9-0D9B-43AA-9F15-93AB513831AF}.Ad-Hoc|iPhoneSimulator.Deploy.0 = Release|Any CPU
		{A15BD9C9-0D9B-43AA-9F15-93AB513831AF}.Ad-Hoc|x64.ActiveCfg = Release|Any CPU
		{A15BD9C9-0D9B-43AA-9F15-93AB513831AF}.Ad-Hoc|x64.Build.0 = Release|Any CPU
		{A15BD9C9-0D9B-43AA-9F15-93AB513831AF}.Ad-Hoc|x64.Deploy.0 = Release|Any CPU
		{A15BD9C9-0D9B-43AA-9F15-93AB513831AF}.Ad-Hoc|x86.ActiveCfg = Release|Any CPU
		{A15BD9C9-0D9B-43AA-9F15-93AB513831AF}.Ad-Hoc|x86.Build.0 = Release|Any CPU
		{A15BD9C9-0D9B-43AA-9F15-93AB513831AF}.Ad-Hoc|x86.Deploy.0 = Release|Any CPU
		{A15BD9C9-0D9B-43AA-9F15-93AB513831AF}.AppStore|Any CPU.ActiveCfg = Release|Any CPU
		{A15BD9C9-0D9B-43AA-9F15-93AB513831AF}.AppStore|Any CPU.Build.0 = Release|Any CPU
		{A15BD9C9-0D9B-43AA-9F15-93AB513831AF}.AppStore|Any CPU.Deploy.0 = Release|Any CPU
		{A15BD9C9-0D9B-43AA-9F15-93AB513831AF}.AppStore|ARM.ActiveCfg = Release|Any CPU
		{A15BD9C9-0D9B-43AA-9F15-93AB513831AF}.AppStore|ARM.Build.0 = Release|Any CPU
		{A15BD9C9-0D9B-43AA-9F15-93AB513831AF}.AppStore|ARM.Deploy.0 = Release|Any CPU
		{A15BD9C9-0D9B-43AA-9F15-93AB513831AF}.AppStore|iPhone.ActiveCfg = Release|Any CPU
		{A15BD9C9-0D9B-43AA-9F15-93AB513831AF}.AppStore|iPhone.Build.0 = Release|Any CPU
		{A15BD9C9-0D9B-43AA-9F15-93AB513831AF}.AppStore|iPhone.Deploy.0 = Release|Any CPU
		{A15BD9C9-0D9B-43AA-9F15-93AB513831AF}.AppStore|iPhoneSimulator.ActiveCfg = Release|Any CPU
		{A15BD9C9-0D9B-43AA-9F15-93AB513831AF}.AppStore|iPhoneSimulator.Build.0 = Release|Any CPU
		{A15BD9C9-0D9B-43AA-9F15-93AB513831AF}.AppStore|iPhoneSimulator.Deploy.0 = Release|Any CPU
		{A15BD9C9-0D9B-43AA-9F15-93AB513831AF}.AppStore|x64.ActiveCfg = Release|Any CPU
		{A15BD9C9-0D9B-43AA-9F15-93AB513831AF}.AppStore|x64.Build.0 = Release|Any CPU
		{A15BD9C9-0D9B-43AA-9F15-93AB513831AF}.AppStore|x64.Deploy.0 = Release|Any CPU
		{A15BD9C9-0D9B-43AA-9F15-93AB513831AF}.AppStore|x86.ActiveCfg = Release|Any CPU
		{A15BD9C9-0D9B-43AA-9F15-93AB513831AF}.AppStore|x86.Build.0 = Release|Any CPU
		{A15BD9C9-0D9B-43AA-9F15-93AB513831AF}.AppStore|x86.Deploy.0 = Release|Any CPU
		{A15BD9C9-0D9B-43AA-9F15-93AB513831AF}.Debug|Any CPU.ActiveCfg = Debug|Any CPU
		{A15BD9C9-0D9B-43AA-9F15-93AB513831AF}.Debug|Any CPU.Build.0 = Debug|Any CPU
		{A15BD9C9-0D9B-43AA-9F15-93AB513831AF}.Debug|Any CPU.Deploy.0 = Debug|Any CPU
		{A15BD9C9-0D9B-43AA-9F15-93AB513831AF}.Debug|ARM.ActiveCfg = Debug|Any CPU
		{A15BD9C9-0D9B-43AA-9F15-93AB513831AF}.Debug|ARM.Build.0 = Debug|Any CPU
		{A15BD9C9-0D9B-43AA-9F15-93AB513831AF}.Debug|ARM.Deploy.0 = Debug|Any CPU
		{A15BD9C9-0D9B-43AA-9F15-93AB513831AF}.Debug|iPhone.ActiveCfg = Debug|Any CPU
		{A15BD9C9-0D9B-43AA-9F15-93AB513831AF}.Debug|iPhone.Build.0 = Debug|Any CPU
		{A15BD9C9-0D9B-43AA-9F15-93AB513831AF}.Debug|iPhone.Deploy.0 = Debug|Any CPU
		{A15BD9C9-0D9B-43AA-9F15-93AB513831AF}.Debug|iPhoneSimulator.ActiveCfg = Debug|Any CPU
		{A15BD9C9-0D9B-43AA-9F15-93AB513831AF}.Debug|iPhoneSimulator.Build.0 = Debug|Any CPU
		{A15BD9C9-0D9B-43AA-9F15-93AB513831AF}.Debug|iPhoneSimulator.Deploy.0 = Debug|Any CPU
		{A15BD9C9-0D9B-43AA-9F15-93AB513831AF}.Debug|x64.ActiveCfg = Debug|Any CPU
		{A15BD9C9-0D9B-43AA-9F15-93AB513831AF}.Debug|x64.Build.0 = Debug|Any CPU
		{A15BD9C9-0D9B-43AA-9F15-93AB513831AF}.Debug|x64.Deploy.0 = Debug|Any CPU
		{A15BD9C9-0D9B-43AA-9F15-93AB513831AF}.Debug|x86.ActiveCfg = Debug|Any CPU
		{A15BD9C9-0D9B-43AA-9F15-93AB513831AF}.Debug|x86.Build.0 = Debug|Any CPU
		{A15BD9C9-0D9B-43AA-9F15-93AB513831AF}.Debug|x86.Deploy.0 = Debug|Any CPU
		{A15BD9C9-0D9B-43AA-9F15-93AB513831AF}.Release|Any CPU.ActiveCfg = Release|Any CPU
		{A15BD9C9-0D9B-43AA-9F15-93AB513831AF}.Release|Any CPU.Build.0 = Release|Any CPU
		{A15BD9C9-0D9B-43AA-9F15-93AB513831AF}.Release|Any CPU.Deploy.0 = Release|Any CPU
		{A15BD9C9-0D9B-43AA-9F15-93AB513831AF}.Release|ARM.ActiveCfg = Release|Any CPU
		{A15BD9C9-0D9B-43AA-9F15-93AB513831AF}.Release|ARM.Build.0 = Release|Any CPU
		{A15BD9C9-0D9B-43AA-9F15-93AB513831AF}.Release|ARM.Deploy.0 = Release|Any CPU
		{A15BD9C9-0D9B-43AA-9F15-93AB513831AF}.Release|iPhone.ActiveCfg = Release|Any CPU
		{A15BD9C9-0D9B-43AA-9F15-93AB513831AF}.Release|iPhone.Build.0 = Release|Any CPU
		{A15BD9C9-0D9B-43AA-9F15-93AB513831AF}.Release|iPhone.Deploy.0 = Release|Any CPU
		{A15BD9C9-0D9B-43AA-9F15-93AB513831AF}.Release|iPhoneSimulator.ActiveCfg = Release|Any CPU
		{A15BD9C9-0D9B-43AA-9F15-93AB513831AF}.Release|iPhoneSimulator.Build.0 = Release|Any CPU
		{A15BD9C9-0D9B-43AA-9F15-93AB513831AF}.Release|iPhoneSimulator.Deploy.0 = Release|Any CPU
		{A15BD9C9-0D9B-43AA-9F15-93AB513831AF}.Release|x64.ActiveCfg = Release|Any CPU
		{A15BD9C9-0D9B-43AA-9F15-93AB513831AF}.Release|x64.Build.0 = Release|Any CPU
		{A15BD9C9-0D9B-43AA-9F15-93AB513831AF}.Release|x64.Deploy.0 = Release|Any CPU
		{A15BD9C9-0D9B-43AA-9F15-93AB513831AF}.Release|x86.ActiveCfg = Release|Any CPU
		{A15BD9C9-0D9B-43AA-9F15-93AB513831AF}.Release|x86.Build.0 = Release|Any CPU
		{A15BD9C9-0D9B-43AA-9F15-93AB513831AF}.Release|x86.Deploy.0 = Release|Any CPU
		{C42092ED-296A-4E7D-A214-CFC9B8C4B477}.Ad-Hoc|Any CPU.ActiveCfg = Ad-Hoc|iPhone
		{C42092ED-296A-4E7D-A214-CFC9B8C4B477}.Ad-Hoc|ARM.ActiveCfg = Ad-Hoc|iPhone
		{C42092ED-296A-4E7D-A214-CFC9B8C4B477}.Ad-Hoc|iPhone.ActiveCfg = Ad-Hoc|iPhone
		{C42092ED-296A-4E7D-A214-CFC9B8C4B477}.Ad-Hoc|iPhone.Build.0 = Ad-Hoc|iPhone
		{C42092ED-296A-4E7D-A214-CFC9B8C4B477}.Ad-Hoc|iPhoneSimulator.ActiveCfg = Ad-Hoc|iPhoneSimulator
		{C42092ED-296A-4E7D-A214-CFC9B8C4B477}.Ad-Hoc|iPhoneSimulator.Build.0 = Ad-Hoc|iPhoneSimulator
		{C42092ED-296A-4E7D-A214-CFC9B8C4B477}.Ad-Hoc|x64.ActiveCfg = Ad-Hoc|iPhone
		{C42092ED-296A-4E7D-A214-CFC9B8C4B477}.Ad-Hoc|x86.ActiveCfg = Ad-Hoc|iPhone
		{C42092ED-296A-4E7D-A214-CFC9B8C4B477}.AppStore|Any CPU.ActiveCfg = AppStore|iPhone
		{C42092ED-296A-4E7D-A214-CFC9B8C4B477}.AppStore|ARM.ActiveCfg = AppStore|iPhone
		{C42092ED-296A-4E7D-A214-CFC9B8C4B477}.AppStore|iPhone.ActiveCfg = AppStore|iPhone
		{C42092ED-296A-4E7D-A214-CFC9B8C4B477}.AppStore|iPhone.Build.0 = AppStore|iPhone
		{C42092ED-296A-4E7D-A214-CFC9B8C4B477}.AppStore|iPhoneSimulator.ActiveCfg = AppStore|iPhoneSimulator
		{C42092ED-296A-4E7D-A214-CFC9B8C4B477}.AppStore|iPhoneSimulator.Build.0 = AppStore|iPhoneSimulator
		{C42092ED-296A-4E7D-A214-CFC9B8C4B477}.AppStore|x64.ActiveCfg = AppStore|iPhone
		{C42092ED-296A-4E7D-A214-CFC9B8C4B477}.AppStore|x86.ActiveCfg = AppStore|iPhone
		{C42092ED-296A-4E7D-A214-CFC9B8C4B477}.Debug|Any CPU.ActiveCfg = Debug|iPhone
		{C42092ED-296A-4E7D-A214-CFC9B8C4B477}.Debug|ARM.ActiveCfg = Debug|iPhone
		{C42092ED-296A-4E7D-A214-CFC9B8C4B477}.Debug|iPhone.ActiveCfg = Debug|iPhone
		{C42092ED-296A-4E7D-A214-CFC9B8C4B477}.Debug|iPhone.Build.0 = Debug|iPhone
		{C42092ED-296A-4E7D-A214-CFC9B8C4B477}.Debug|iPhoneSimulator.ActiveCfg = Debug|iPhoneSimulator
		{C42092ED-296A-4E7D-A214-CFC9B8C4B477}.Debug|iPhoneSimulator.Build.0 = Debug|iPhoneSimulator
		{C42092ED-296A-4E7D-A214-CFC9B8C4B477}.Debug|x64.ActiveCfg = Debug|iPhone
		{C42092ED-296A-4E7D-A214-CFC9B8C4B477}.Debug|x86.ActiveCfg = Debug|iPhone
		{C42092ED-296A-4E7D-A214-CFC9B8C4B477}.Release|Any CPU.ActiveCfg = Release|iPhone
		{C42092ED-296A-4E7D-A214-CFC9B8C4B477}.Release|ARM.ActiveCfg = Release|iPhone
		{C42092ED-296A-4E7D-A214-CFC9B8C4B477}.Release|iPhone.ActiveCfg = Release|iPhone
		{C42092ED-296A-4E7D-A214-CFC9B8C4B477}.Release|iPhone.Build.0 = Release|iPhone
		{C42092ED-296A-4E7D-A214-CFC9B8C4B477}.Release|iPhoneSimulator.ActiveCfg = Release|iPhoneSimulator
		{C42092ED-296A-4E7D-A214-CFC9B8C4B477}.Release|iPhoneSimulator.Build.0 = Release|iPhoneSimulator
		{C42092ED-296A-4E7D-A214-CFC9B8C4B477}.Release|x64.ActiveCfg = Release|iPhone
		{C42092ED-296A-4E7D-A214-CFC9B8C4B477}.Release|x86.ActiveCfg = Release|iPhone
		{073B98A6-5F56-47FD-9FAE-FA8EA6EBD99D}.Ad-Hoc|Any CPU.ActiveCfg = Release|x86
		{073B98A6-5F56-47FD-9FAE-FA8EA6EBD99D}.Ad-Hoc|Any CPU.Build.0 = Release|x86
		{073B98A6-5F56-47FD-9FAE-FA8EA6EBD99D}.Ad-Hoc|Any CPU.Deploy.0 = Release|x86
		{073B98A6-5F56-47FD-9FAE-FA8EA6EBD99D}.Ad-Hoc|ARM.ActiveCfg = Release|ARM
		{073B98A6-5F56-47FD-9FAE-FA8EA6EBD99D}.Ad-Hoc|ARM.Build.0 = Release|ARM
		{073B98A6-5F56-47FD-9FAE-FA8EA6EBD99D}.Ad-Hoc|ARM.Deploy.0 = Release|ARM
		{073B98A6-5F56-47FD-9FAE-FA8EA6EBD99D}.Ad-Hoc|iPhone.ActiveCfg = Release|x86
		{073B98A6-5F56-47FD-9FAE-FA8EA6EBD99D}.Ad-Hoc|iPhone.Build.0 = Release|x86
		{073B98A6-5F56-47FD-9FAE-FA8EA6EBD99D}.Ad-Hoc|iPhone.Deploy.0 = Release|x86
		{073B98A6-5F56-47FD-9FAE-FA8EA6EBD99D}.Ad-Hoc|iPhoneSimulator.ActiveCfg = Release|x86
		{073B98A6-5F56-47FD-9FAE-FA8EA6EBD99D}.Ad-Hoc|iPhoneSimulator.Build.0 = Release|x86
		{073B98A6-5F56-47FD-9FAE-FA8EA6EBD99D}.Ad-Hoc|iPhoneSimulator.Deploy.0 = Release|x86
		{073B98A6-5F56-47FD-9FAE-FA8EA6EBD99D}.Ad-Hoc|x64.ActiveCfg = Release|x64
		{073B98A6-5F56-47FD-9FAE-FA8EA6EBD99D}.Ad-Hoc|x64.Build.0 = Release|x64
		{073B98A6-5F56-47FD-9FAE-FA8EA6EBD99D}.Ad-Hoc|x64.Deploy.0 = Release|x64
		{073B98A6-5F56-47FD-9FAE-FA8EA6EBD99D}.Ad-Hoc|x86.ActiveCfg = Release|x86
		{073B98A6-5F56-47FD-9FAE-FA8EA6EBD99D}.Ad-Hoc|x86.Build.0 = Release|x86
		{073B98A6-5F56-47FD-9FAE-FA8EA6EBD99D}.Ad-Hoc|x86.Deploy.0 = Release|x86
		{073B98A6-5F56-47FD-9FAE-FA8EA6EBD99D}.AppStore|Any CPU.ActiveCfg = Release|x86
		{073B98A6-5F56-47FD-9FAE-FA8EA6EBD99D}.AppStore|Any CPU.Build.0 = Release|x86
		{073B98A6-5F56-47FD-9FAE-FA8EA6EBD99D}.AppStore|Any CPU.Deploy.0 = Release|x86
		{073B98A6-5F56-47FD-9FAE-FA8EA6EBD99D}.AppStore|ARM.ActiveCfg = Release|ARM
		{073B98A6-5F56-47FD-9FAE-FA8EA6EBD99D}.AppStore|ARM.Build.0 = Release|ARM
		{073B98A6-5F56-47FD-9FAE-FA8EA6EBD99D}.AppStore|ARM.Deploy.0 = Release|ARM
		{073B98A6-5F56-47FD-9FAE-FA8EA6EBD99D}.AppStore|iPhone.ActiveCfg = Release|x86
		{073B98A6-5F56-47FD-9FAE-FA8EA6EBD99D}.AppStore|iPhone.Build.0 = Release|x86
		{073B98A6-5F56-47FD-9FAE-FA8EA6EBD99D}.AppStore|iPhone.Deploy.0 = Release|x86
		{073B98A6-5F56-47FD-9FAE-FA8EA6EBD99D}.AppStore|iPhoneSimulator.ActiveCfg = Release|x86
		{073B98A6-5F56-47FD-9FAE-FA8EA6EBD99D}.AppStore|iPhoneSimulator.Build.0 = Release|x86
		{073B98A6-5F56-47FD-9FAE-FA8EA6EBD99D}.AppStore|iPhoneSimulator.Deploy.0 = Release|x86
		{073B98A6-5F56-47FD-9FAE-FA8EA6EBD99D}.AppStore|x64.ActiveCfg = Release|x64
		{073B98A6-5F56-47FD-9FAE-FA8EA6EBD99D}.AppStore|x64.Build.0 = Release|x64
		{073B98A6-5F56-47FD-9FAE-FA8EA6EBD99D}.AppStore|x64.Deploy.0 = Release|x64
		{073B98A6-5F56-47FD-9FAE-FA8EA6EBD99D}.AppStore|x86.ActiveCfg = Release|x86
		{073B98A6-5F56-47FD-9FAE-FA8EA6EBD99D}.AppStore|x86.Build.0 = Release|x86
		{073B98A6-5F56-47FD-9FAE-FA8EA6EBD99D}.AppStore|x86.Deploy.0 = Release|x86
		{073B98A6-5F56-47FD-9FAE-FA8EA6EBD99D}.Debug|Any CPU.ActiveCfg = Debug|x86
		{073B98A6-5F56-47FD-9FAE-FA8EA6EBD99D}.Debug|ARM.ActiveCfg = Debug|ARM
		{073B98A6-5F56-47FD-9FAE-FA8EA6EBD99D}.Debug|ARM.Build.0 = Debug|ARM
		{073B98A6-5F56-47FD-9FAE-FA8EA6EBD99D}.Debug|ARM.Deploy.0 = Debug|ARM
		{073B98A6-5F56-47FD-9FAE-FA8EA6EBD99D}.Debug|iPhone.ActiveCfg = Debug|x86
		{073B98A6-5F56-47FD-9FAE-FA8EA6EBD99D}.Debug|iPhoneSimulator.ActiveCfg = Debug|x86
		{073B98A6-5F56-47FD-9FAE-FA8EA6EBD99D}.Debug|x64.ActiveCfg = Debug|x64
		{073B98A6-5F56-47FD-9FAE-FA8EA6EBD99D}.Debug|x64.Build.0 = Debug|x64
		{073B98A6-5F56-47FD-9FAE-FA8EA6EBD99D}.Debug|x64.Deploy.0 = Debug|x64
		{073B98A6-5F56-47FD-9FAE-FA8EA6EBD99D}.Debug|x86.ActiveCfg = Debug|x86
		{073B98A6-5F56-47FD-9FAE-FA8EA6EBD99D}.Debug|x86.Build.0 = Debug|x86
		{073B98A6-5F56-47FD-9FAE-FA8EA6EBD99D}.Debug|x86.Deploy.0 = Debug|x86
		{073B98A6-5F56-47FD-9FAE-FA8EA6EBD99D}.Release|Any CPU.ActiveCfg = Release|x86
		{073B98A6-5F56-47FD-9FAE-FA8EA6EBD99D}.Release|ARM.ActiveCfg = Release|ARM
		{073B98A6-5F56-47FD-9FAE-FA8EA6EBD99D}.Release|ARM.Build.0 = Release|ARM
		{073B98A6-5F56-47FD-9FAE-FA8EA6EBD99D}.Release|ARM.Deploy.0 = Release|ARM
		{073B98A6-5F56-47FD-9FAE-FA8EA6EBD99D}.Release|iPhone.ActiveCfg = Release|x86
		{073B98A6-5F56-47FD-9FAE-FA8EA6EBD99D}.Release|iPhoneSimulator.ActiveCfg = Release|x86
		{073B98A6-5F56-47FD-9FAE-FA8EA6EBD99D}.Release|x64.ActiveCfg = Release|x64
		{073B98A6-5F56-47FD-9FAE-FA8EA6EBD99D}.Release|x64.Build.0 = Release|x64
		{073B98A6-5F56-47FD-9FAE-FA8EA6EBD99D}.Release|x64.Deploy.0 = Release|x64
		{073B98A6-5F56-47FD-9FAE-FA8EA6EBD99D}.Release|x86.ActiveCfg = Release|x86
		{073B98A6-5F56-47FD-9FAE-FA8EA6EBD99D}.Release|x86.Build.0 = Release|x86
		{073B98A6-5F56-47FD-9FAE-FA8EA6EBD99D}.Release|x86.Deploy.0 = Release|x86
	EndGlobalSection
	GlobalSection(SolutionProperties) = preSolution
		HideSolutionNode = FALSE
	EndGlobalSection
	GlobalSection(ExtensibilityGlobals) = postSolution
		SolutionGuid = {E160232A-EA27-47C5-ADDA-BFD65E7D2FFF}
	EndGlobalSection
EndGlobal
